
Microsoft Visual Studio Solution File, Format Version 12.00
# Visual Studio Version 17
VisualStudioVersion = 17.5.002.0
MinimumVisualStudioVersion = 10.0.40219.1
Project("{9A19103F-16F7-4668-BE54-9A1E7A4F7556}") = "ForecastApp", "ForecastApp.csproj", "{12EDE295-01C7-4178-AEC4-D985207363D0}"
EndProject
Global
	GlobalSection(SolutionConfigurationPlatforms) = preSolution
		Debug|Any CPU = Debug|Any CPU
		Release|Any CPU = Release|Any CPU
	EndGlobalSection
	GlobalSection(ProjectConfigurationPlatforms) = postSolution
		{12EDE295-01C7-4178-AEC4-D985207363D0}.Debug|Any CPU.ActiveCfg = Debug|Any CPU
		{12EDE295-01C7-4178-AEC4-D985207363D0}.Debug|Any CPU.Build.0 = Debug|Any CPU
		{12EDE295-01C7-4178-AEC4-D985207363D0}.Release|Any CPU.ActiveCfg = Release|Any CPU
		{12EDE295-01C7-4178-AEC4-D985207363D0}.Release|Any CPU.Build.0 = Release|Any CPU
	EndGlobalSection
	GlobalSection(SolutionProperties) = preSolution
		HideSolutionNode = FALSE
	EndGlobalSection
	GlobalSection(ExtensibilityGlobals) = postSolution
		SolutionGuid = {486B0032-10D5-405C-ABA0-DEAEBC72F1AE}
	EndGlobalSection
EndGlobal
